// !$*UTF8*$!
{
	archiveVersion = 1;
	classes = {
	};
	objectVersion = 50;
	objects = {

/* Begin PBXBuildFile section */
		3ADB77D094ACC338EF5E0111 /* Pods_RandomJokesAPI.framework in Frameworks */ = {isa = PBXBuildFile; fileRef = 33E3F5CCD2926B9C51005731 /* Pods_RandomJokesAPI.framework */; };
		C585792C2379FBD400912C6E /* AppDelegate.swift in Sources */ = {isa = PBXBuildFile; fileRef = C585792B2379FBD400912C6E /* AppDelegate.swift */; };
		C585792E2379FBD400912C6E /* SceneDelegate.swift in Sources */ = {isa = PBXBuildFile; fileRef = C585792D2379FBD400912C6E /* SceneDelegate.swift */; };
		C58579302379FBD400912C6E /* ViewController.swift in Sources */ = {isa = PBXBuildFile; fileRef = C585792F2379FBD400912C6E /* ViewController.swift */; };
		C58579332379FBD400912C6E /* Main.storyboard in Resources */ = {isa = PBXBuildFile; fileRef = C58579312379FBD400912C6E /* Main.storyboard */; };
		C58579352379FBD500912C6E /* Assets.xcassets in Resources */ = {isa = PBXBuildFile; fileRef = C58579342379FBD500912C6E /* Assets.xcassets */; };
		C58579382379FBD500912C6E /* LaunchScreen.storyboard in Resources */ = {isa = PBXBuildFile; fileRef = C58579362379FBD500912C6E /* LaunchScreen.storyboard */; };
/* End PBXBuildFile section */

/* Begin PBXFileReference section */
		04CEE944415C0929A5FEA9B4 /* Pods-RandomJokesAPI.release.xcconfig */ = {isa = PBXFileReference; includeInIndex = 1; lastKnownFileType = text.xcconfig; name = "Pods-RandomJokesAPI.release.xcconfig"; path = "Target Support Files/Pods-RandomJokesAPI/Pods-RandomJokesAPI.release.xcconfig"; sourceTree = "<group>"; };
		33E3F5CCD2926B9C51005731 /* Pods_RandomJokesAPI.framework */ = {isa = PBXFileReference; explicitFileType = wrapper.framework; includeInIndex = 0; path = Pods_RandomJokesAPI.framework; sourceTree = BUILT_PRODUCTS_DIR; };
		3C621A1B22F4804CC5540547 /* Pods-RandomJokesAPI.debug.xcconfig */ = {isa = PBXFileReference; includeInIndex = 1; lastKnownFileType = text.xcconfig; name = "Pods-RandomJokesAPI.debug.xcconfig"; path = "Target Support Files/Pods-RandomJokesAPI/Pods-RandomJokesAPI.debug.xcconfig"; sourceTree = "<group>"; };
		C58579282379FBD400912C6E /* RandomJokesAPI.app */ = {isa = PBXFileReference; explicitFileType = wrapper.application; includeInIndex = 0; path = RandomJokesAPI.app; sourceTree = BUILT_PRODUCTS_DIR; };
		C585792B2379FBD400912C6E /* AppDelegate.swift */ = {isa = PBXFileReference; lastKnownFileType = sourcecode.swift; path = AppDelegate.swift; sourceTree = "<group>"; };
		C585792D2379FBD400912C6E /* SceneDelegate.swift */ = {isa = PBXFileReference; lastKnownFileType = sourcecode.swift; path = SceneDelegate.swift; sourceTree = "<group>"; };
		C585792F2379FBD400912C6E /* ViewController.swift */ = {isa = PBXFileReference; lastKnownFileType = sourcecode.swift; path = ViewController.swift; sourceTree = "<group>"; };
		C58579322379FBD400912C6E /* Base */ = {isa = PBXFileReference; lastKnownFileType = file.storyboard; name = Base; path = Base.lproj/Main.storyboard; sourceTree = "<group>"; };
		C58579342379FBD500912C6E /* Assets.xcassets */ = {isa = PBXFileReference; lastKnownFileType = folder.assetcatalog; path = Assets.xcassets; sourceTree = "<group>"; };
		C58579372379FBD500912C6E /* Base */ = {isa = PBXFileReference; lastKnownFileType = file.storyboard; name = Base; path = Base.lproj/LaunchScreen.storyboard; sourceTree = "<group>"; };
		C58579392379FBD500912C6E /* Info.plist */ = {isa = PBXFileReference; lastKnownFileType = text.plist.xml; path = Info.plist; sourceTree = "<group>"; };
/* End PBXFileReference section */

/* Begin PBXFrameworksBuildPhase section */
		C58579252379FBD400912C6E /* Frameworks */ = {
			isa = PBXFrameworksBuildPhase;
			buildActionMask = 2147483647;
			files = (
				3ADB77D094ACC338EF5E0111 /* Pods_RandomJokesAPI.framework in Frameworks */,
			);
			runOnlyForDeploymentPostprocessing = 0;
		};
/* End PBXFrameworksBuildPhase section */

/* Begin PBXGroup section */
		BDBBC0D8E21E436298636586 /* Pods */ = {
			isa = PBXGroup;
			children = (
				3C621A1B22F4804CC5540547 /* Pods-RandomJokesAPI.debug.xcconfig */,
				04CEE944415C0929A5FEA9B4 /* Pods-RandomJokesAPI.release.xcconfig */,
			);
			name = Pods;
			path = Pods;
			sourceTree = "<group>";
		};
		BF9F52B2B30089A56FF8C512 /* Frameworks */ = {
			isa = PBXGroup;
			children = (
				33E3F5CCD2926B9C51005731 /* Pods_RandomJokesAPI.framework */,
			);
			name = Frameworks;
			sourceTree = "<group>";
		};
		C585791F2379FBD400912C6E = {
			isa = PBXGroup;
			children = (
				C585792A2379FBD400912C6E /* RandomJokesAPI */,
				C58579292379FBD400912C6E /* Products */,
				BDBBC0D8E21E436298636586 /* Pods */,
				BF9F52B2B30089A56FF8C512 /* Frameworks */,
			);
			sourceTree = "<group>";
		};
		C58579292379FBD400912C6E /* Products */ = {
			isa = PBXGroup;
			children = (
				C58579282379FBD400912C6E /* RandomJokesAPI.app */,
			);
			name = Products;
			sourceTree = "<group>";
		};
		C585792A2379FBD400912C6E /* RandomJokesAPI */ = {
			isa = PBXGroup;
			children = (
				C585792B2379FBD400912C6E /* AppDelegate.swift */,
				C585792D2379FBD400912C6E /* SceneDelegate.swift */,
				C585792F2379FBD400912C6E /* ViewController.swift */,
				C58579312379FBD400912C6E /* Main.storyboard */,
				C58579342379FBD500912C6E /* Assets.xcassets */,
				C58579362379FBD500912C6E /* LaunchScreen.storyboard */,
				C58579392379FBD500912C6E /* Info.plist */,
			);
			path = RandomJokesAPI;
			sourceTree = "<group>";
		};
/* End PBXGroup section */

/* Begin PBXNativeTarget section */
		C58579272379FBD400912C6E /* RandomJokesAPI */ = {
			isa = PBXNativeTarget;
			buildConfigurationList = C585793C2379FBD500912C6E /* Build configuration list for PBXNativeTarget "RandomJokesAPI" */;
			buildPhases = (
				C672EBB4E2803E553F9A9D63 /* [CP] Check Pods Manifest.lock */,
				C58579242379FBD400912C6E /* Sources */,
				C58579252379FBD400912C6E /* Frameworks */,
				C58579262379FBD400912C6E /* Resources */,
			);
			buildRules = (
			);
			dependencies = (
			);
			name = RandomJokesAPI;
			productName = RandomJokesAPI;
			productReference = C58579282379FBD400912C6E /* RandomJokesAPI.app */;
			productType = "com.apple.product-type.application";
		};
/* End PBXNativeTarget section */

/* Begin PBXProject section */
		C58579202379FBD400912C6E /* Project object */ = {
			isa = PBXProject;
			attributes = {
				LastSwiftUpdateCheck = 1110;
				LastUpgradeCheck = 1110;
				ORGANIZATIONNAME = Coppel;
				TargetAttributes = {
					C58579272379FBD400912C6E = {
						CreatedOnToolsVersion = 11.1;
					};
				};
			};
			buildConfigurationList = C58579232379FBD400912C6E /* Build configuration list for PBXProject "RandomJokesAPI" */;
			compatibilityVersion = "Xcode 9.3";
			developmentRegion = en;
			hasScannedForEncodings = 0;
			knownRegions = (
				en,
				Base,
			);
			mainGroup = C585791F2379FBD400912C6E;
			productRefGroup = C58579292379FBD400912C6E /* Products */;
			projectDirPath = "";
			projectRoot = "";
			targets = (
				C58579272379FBD400912C6E /* RandomJokesAPI */,
			);
		};
/* End PBXProject section */

/* Begin PBXResourcesBuildPhase section */
		C58579262379FBD400912C6E /* Resources */ = {
			isa = PBXResourcesBuildPhase;
			buildActionMask = 2147483647;
			files = (
				C58579382379FBD500912C6E /* LaunchScreen.storyboard in Resources */,
				C58579352379FBD500912C6E /* Assets.xcassets in Resources */,
				C58579332379FBD400912C6E /* Main.storyboard in Resources */,
			);
			runOnlyForDeploymentPostprocessing = 0;
		};
/* End PBXResourcesBuildPhase section */

/* Begin PBXShellScriptBuildPhase section */
		C672EBB4E2803E553F9A9D63 /* [CP] Check Pods Manifest.lock */ = {
			isa = PBXShellScriptBuildPhase;
			buildActionMask = 2147483647;
			files = (
			);
			inputFileListPaths = (
			);
			inputPaths = (
				"${PODS_PODFILE_DIR_PATH}/Podfile.lock",
				"${PODS_ROOT}/Manifest.lock",
			);
			name = "[CP] Check Pods Manifest.lock";
			outputFileListPaths = (
			);
			outputPaths = (
				"$(DERIVED_FILE_DIR)/Pods-RandomJokesAPI-checkManifestLockResult.txt",
			);
			runOnlyForDeploymentPostprocessing = 0;
			shellPath = /bin/sh;
			shellScript = "diff \"${PODS_PODFILE_DIR_PATH}/Podfile.lock\" \"${PODS_ROOT}/Manifest.lock\" > /dev/null\nif [ $? != 0 ] ; then\n    # print error to STDERR\n    echo \"error: The sandbox is not in sync with the Podfile.lock. Run 'pod install' or update your CocoaPods installation.\" >&2\n    exit 1\nfi\n# This output is used by Xcode 'outputs' to avoid re-running this script phase.\necho \"SUCCESS\" > \"${SCRIPT_OUTPUT_FILE_0}\"\n";
			showEnvVarsInLog = 0;
		};
/* End PBXShellScriptBuildPhase section */

/* Begin PBXSourcesBuildPhase section */
		C58579242379FBD400912C6E /* Sources */ = {
			isa = PBXSourcesBuildPhase;
			buildActionMask = 2147483647;
			files = (
				C58579302379FBD400912C6E /* ViewController.swift in Sources */,
				C585792C2379FBD400912C6E /* AppDelegate.swift in Sources */,
				C585792E2379FBD400912C6E /* SceneDelegate.swift in Sources */,
			);
			runOnlyForDeploymentPostprocessing = 0;
		};
/* End PBXSourcesBuildPhase section */

/* Begin PBXVariantGroup section */
		C58579312379FBD400912C6E /* Main.storyboard */ = {
			isa = PBXVariantGroup;
			children = (
				C58579322379FBD400912C6E /* Base */,
			);
			name = Main.storyboard;
			sourceTree = "<group>";
		};
		C58579362379FBD500912C6E /* LaunchScreen.storyboard */ = {
			isa = PBXVariantGroup;
			children = (
				C58579372379FBD500912C6E /* Base */,
			);
			name = LaunchScreen.storyboard;
			sourceTree = "<group>";
		};
/* End PBXVariantGroup section */

/* Begin XCBuildConfiguration section */
		C585793A2379FBD500912C6E /* Debug */ = {
			isa = XCBuildConfiguration;
			buildSettings = {
				ALWAYS_SEARCH_USER_PATHS = NO;
				CLANG_ANALYZER_NONNULL = YES;
				CLANG_ANALYZER_NUMBER_OBJECT_CONVERSION = YES_AGGRESSIVE;
				CLANG_CXX_LANGUAGE_STANDARD = "gnu++14";
				CLANG_CXX_LIBRARY = "libc++";
				CLANG_ENABLE_MODULES = YES;
				CLANG_ENABLE_OBJC_ARC = YES;
				CLANG_ENABLE_OBJC_WEAK = YES;
				CLANG_WARN_BLOCK_CAPTURE_AUTORELEASING = YES;
				CLANG_WARN_BOOL_CONVERSION = YES;
				CLANG_WARN_COMMA = YES;
				CLANG_WARN_CONSTANT_CONVERSION = YES;
				CLANG_WARN_DEPRECATED_OBJC_IMPLEMENTATIONS = YES;
				CLANG_WARN_DIRECT_OBJC_ISA_USAGE = YES_ERROR;
				CLANG_WARN_DOCUMENTATION_COMMENTS = YES;
				CLANG_WARN_EMPTY_BODY = YES;
				CLANG_WARN_ENUM_CONVERSION = YES;
				CLANG_WARN_INFINITE_RECURSION = YES;
				CLANG_WARN_INT_CONVERSION = YES;
				CLANG_WARN_NON_LITERAL_NULL_CONVERSION = YES;
				CLANG_WARN_OBJC_IMPLICIT_RETAIN_SELF = YES;
				CLANG_WARN_OBJC_LITERAL_CONVERSION = YES;
				CLANG_WARN_OBJC_ROOT_CLASS = YES_ERROR;
				CLANG_WARN_RANGE_LOOP_ANALYSIS = YES;
				CLANG_WARN_STRICT_PROTOTYPES = YES;
				CLANG_WARN_SUSPICIOUS_MOVE = YES;
				CLANG_WARN_UNGUARDED_AVAILABILITY = YES_AGGRESSIVE;
				CLANG_WARN_UNREACHABLE_CODE = YES;
				CLANG_WARN__DUPLICATE_METHOD_MATCH = YES;
				COPY_PHASE_STRIP = NO;
				DEBUG_INFORMATION_FORMAT = dwarf;
				ENABLE_STRICT_OBJC_MSGSEND = YES;
				ENABLE_TESTABILITY = YES;
				GCC_C_LANGUAGE_STANDARD = gnu11;
				GCC_DYNAMIC_NO_PIC = NO;
				GCC_NO_COMMON_BLOCKS = YES;
				GCC_OPTIMIZATION_LEVEL = 0;
				GCC_PREPROCESSOR_DEFINITIONS = (
					"DEBUG=1",
					"$(inherited)",
				);
				GCC_WARN_64_TO_32_BIT_CONVERSION = YES;
				GCC_WARN_ABOUT_RETURN_TYPE = YES_ERROR;
				GCC_WARN_UNDECLARED_SELECTOR = YES;
				GCC_WARN_UNINITIALIZED_AUTOS = YES_AGGRESSIVE;
				GCC_WARN_UNUSED_FUNCTION = YES;
				GCC_WARN_UNUSED_VARIABLE = YES;
				IPHONEOS_DEPLOYMENT_TARGET = 13.1;
				MTL_ENABLE_DEBUG_INFO = INCLUDE_SOURCE;
				MTL_FAST_MATH = YES;
				ONLY_ACTIVE_ARCH = YES;
				SDKROOT = iphoneos;
				SWIFT_ACTIVE_COMPILATION_CONDITIONS = DEBUG;
				SWIFT_OPTIMIZATION_LEVEL = "-Onone";
			};
			name = Debug;
		};
		C585793B2379FBD500912C6E /* Release */ = {
			isa = XCBuildConfiguration;
			buildSettings = {
				ALWAYS_SEARCH_USER_PATHS = NO;
				CLANG_ANALYZER_NONNULL = YES;
				CLANG_ANALYZER_NUMBER_OBJECT_CONVERSION = YES_AGGRESSIVE;
				CLANG_CXX_LANGUAGE_STANDARD = "gnu++14";
				CLANG_CXX_LIBRARY = "libc++";
				CLANG_ENABLE_MODULES = YES;
				CLANG_ENABLE_OBJC_ARC = YES;
				CLANG_ENABLE_OBJC_WEAK = YES;
				CLANG_WARN_BLOCK_CAPTURE_AUTORELEASING = YES;
				CLANG_WARN_BOOL_CONVERSION = YES;
				CLANG_WARN_COMMA = YES;
				CLANG_WARN_CONSTANT_CONVERSION = YES;
				CLANG_WARN_DEPRECATED_OBJC_IMPLEMENTATIONS = YES;
				CLANG_WARN_DIRECT_OBJC_ISA_USAGE = YES_ERROR;
				CLANG_WARN_DOCUMENTATION_COMMENTS = YES;
				CLANG_WARN_EMPTY_BODY = YES;
				CLANG_WARN_ENUM_CONVERSION = YES;
				CLANG_WARN_INFINITE_RECURSION = YES;
				CLANG_WARN_INT_CONVERSION = YES;
				CLANG_WARN_NON_LITERAL_NULL_CONVERSION = YES;
				CLANG_WARN_OBJC_IMPLICIT_RETAIN_SELF = YES;
				CLANG_WARN_OBJC_LITERAL_CONVERSION = YES;
				CLANG_WARN_OBJC_ROOT_CLASS = YES_ERROR;
				CLANG_WARN_RANGE_LOOP_ANALYSIS = YES;
				CLANG_WARN_STRICT_PROTOTYPES = YES;
				CLANG_WARN_SUSPICIOUS_MOVE = YES;
				CLANG_WARN_UNGUARDED_AVAILABILITY = YES_AGGRESSIVE;
				CLANG_WARN_UNREACHABLE_CODE = YES;
				CLANG_WARN__DUPLICATE_METHOD_MATCH = YES;
				COPY_PHASE_STRIP = NO;
				DEBUG_INFORMATION_FORMAT = "dwarf-with-dsym";
				ENABLE_NS_ASSERTIONS = NO;
				ENABLE_STRICT_OBJC_MSGSEND = YES;
				GCC_C_LANGUAGE_STANDARD = gnu11;
				GCC_NO_COMMON_BLOCKS = YES;
				GCC_WARN_64_TO_32_BIT_CONVERSION = YES;
				GCC_WARN_ABOUT_RETURN_TYPE = YES_ERROR;
				GCC_WARN_UNDECLARED_SELECTOR = YES;
				GCC_WARN_UNINITIALIZED_AUTOS = YES_AGGRESSIVE;
				GCC_WARN_UNUSED_FUNCTION = YES;
				GCC_WARN_UNUSED_VARIABLE = YES;
				IPHONEOS_DEPLOYMENT_TARGET = 13.1;
				MTL_ENABLE_DEBUG_INFO = NO;
				MTL_FAST_MATH = YES;
				SDKROOT = iphoneos;
				SWIFT_COMPILATION_MODE = wholemodule;
				SWIFT_OPTIMIZATION_LEVEL = "-O";
				VALIDATE_PRODUCT = YES;
			};
			name = Release;
		};
		C585793D2379FBD500912C6E /* Debug */ = {
			isa = XCBuildConfiguration;
			baseConfigurationReference = 3C621A1B22F4804CC5540547 /* Pods-RandomJokesAPI.debug.xcconfig */;
			buildSettings = {
				ASSETCATALOG_COMPILER_APPICON_NAME = AppIcon;
				CODE_SIGN_STYLE = Automatic;
				INFOPLIST_FILE = RandomJokesAPI/Info.plist;
				LD_RUNPATH_SEARCH_PATHS = (
					"$(inherited)",
					"@executable_path/Frameworks",
				);
				PRODUCT_BUNDLE_IDENTIFIER = com.asale.coppel.RandomJokesAPI;
				PRODUCT_NAME = "$(TARGET_NAME)";
				SWIFT_VERSION = 5.0;
				TARGETED_DEVICE_FAMILY = "1,2";
			};
			name = Debug;
		};
		C585793E2379FBD500912C6E /* Release */ = {
			isa = XCBuildConfiguration;
			baseConfigurationReference = 04CEE944415C0929A5FEA9B4 /* Pods-RandomJokesAPI.release.xcconfig */;
			buildSettings = {
				ASSETCATALOG_COMPILER_APPICON_NAME = AppIcon;
				CODE_SIGN_STYLE = Automatic;
				INFOPLIST_FILE = RandomJokesAPI/Info.plist;
				LD_RUNPATH_SEARCH_PATHS = (
					"$(inherited)",
					"@executable_path/Frameworks",
				);
				PRODUCT_BUNDLE_IDENTIFIER = com.asale.coppel.RandomJokesAPI;
				PRODUCT_NAME = "$(TARGET_NAME)";
				SWIFT_VERSION = 5.0;
				TARGETED_DEVICE_FAMILY = "1,2";
			};
			name = Release;
		};
/* End XCBuildConfiguration section */

/* Begin XCConfigurationList section */
		C58579232379FBD400912C6E /* Build configuration list for PBXProject "RandomJokesAPI" */ = {
			isa = XCConfigurationList;
			buildConfigurations = (
				C585793A2379FBD500912C6E /* Debug */,
				C585793B2379FBD500912C6E /* Release */,
			);
			defaultConfigurationIsVisible = 0;
			defaultConfigurationName = Release;
		};
		C585793C2379FBD500912C6E /* Build configuration list for PBXNativeTarget "RandomJokesAPI" */ = {
			isa = XCConfigurationList;
			buildConfigurations = (
				C585793D2379FBD500912C6E /* Debug */,
				C585793E2379FBD500912C6E /* Release */,
			);
			defaultConfigurationIsVisible = 0;
			defaultConfigurationName = Release;
		};
/* End XCConfigurationList section */
	};
	rootObject = C58579202379FBD400912C6E /* Project object */;
}
